
Microsoft Visual Studio Solution File, Format Version 12.00
# Visual Studio 2013
VisualStudioVersion = 12.0.21005.1
MinimumVisualStudioVersion = 10.0.40219.1
Project("{FAE04EC0-301F-11D3-BF4B-00C04F79EFBC}") = "TechsonClient", "TechsonClient\TechsonClient.csproj", "{0231C735-8453-4E43-B67B-26789E346C88}"
EndProject
Project("{FAE04EC0-301F-11D3-BF4B-00C04F79EFBC}") = "ImageFormatComponent", "ImageFormatComponent\ImageFormatComponent.csproj", "{626A320D-4FF4-46F0-8164-69F9F3DE702F}"
EndProject
Project("{FAE04EC0-301F-11D3-BF4B-00C04F79EFBC}") = "ImageGrayScaleComponent", "ImageGrayScaleComponent\ImageGrayScaleComponent.csproj", "{AD61CAB0-4B10-46A5-B4EE-92A324EAFC28}"
EndProject
Project("{FAE04EC0-301F-11D3-BF4B-00C04F79EFBC}") = "ImageToByteComponent", "ImageConverterComponent\ImageToByteComponent.csproj", "{8E309382-49DA-41A6-A814-7A0CDB45C06B}"
EndProject
Project("{FAE04EC0-301F-11D3-BF4B-00C04F79EFBC}") = "ImageResizeComponent", "ImageResizeComponent\ImageResizeComponent.csproj", "{D55416AB-F3E2-4DC3-997E-E27585327266}"
EndProject
Project("{FAE04EC0-301F-11D3-BF4B-00C04F79EFBC}") = "RandomForestComponent", "RandomForestComponent\RandomForestComponent.csproj", "{02642356-8E6D-436C-8817-38ACB6F832F5}"
EndProject
Project("{FAE04EC0-301F-11D3-BF4B-00C04F79EFBC}") = "NeuralNetworkComponent", "NeuralNetworkComponent\NeuralNetworkComponent.csproj", "{34033A65-038E-4FE3-91EF-2BB4A97DE820}"
EndProject
Project("{FAE04EC0-301F-11D3-BF4B-00C04F79EFBC}") = "GradientBoostingComponent", "GradientBoostingComponent\GradientBoostingComponent.csproj", "{A5813A31-CBF0-4941-865D-F71761AF043D}"
EndProject
Global
	GlobalSection(SolutionConfigurationPlatforms) = preSolution
		Debug|Any CPU = Debug|Any CPU
		Release|Any CPU = Release|Any CPU
	EndGlobalSection
	GlobalSection(ProjectConfigurationPlatforms) = postSolution
		{0231C735-8453-4E43-B67B-26789E346C88}.Debug|Any CPU.ActiveCfg = Debug|Any CPU
		{0231C735-8453-4E43-B67B-26789E346C88}.Debug|Any CPU.Build.0 = Debug|Any CPU
		{0231C735-8453-4E43-B67B-26789E346C88}.Release|Any CPU.ActiveCfg = Release|Any CPU
		{0231C735-8453-4E43-B67B-26789E346C88}.Release|Any CPU.Build.0 = Release|Any CPU
		{626A320D-4FF4-46F0-8164-69F9F3DE702F}.Debug|Any CPU.ActiveCfg = Debug|Any CPU
		{626A320D-4FF4-46F0-8164-69F9F3DE702F}.Debug|Any CPU.Build.0 = Debug|Any CPU
		{626A320D-4FF4-46F0-8164-69F9F3DE702F}.Release|Any CPU.ActiveCfg = Release|Any CPU
		{626A320D-4FF4-46F0-8164-69F9F3DE702F}.Release|Any CPU.Build.0 = Release|Any CPU
		{AD61CAB0-4B10-46A5-B4EE-92A324EAFC28}.Debug|Any CPU.ActiveCfg = Debug|Any CPU
		{AD61CAB0-4B10-46A5-B4EE-92A324EAFC28}.Debug|Any CPU.Build.0 = Debug|Any CPU
		{AD61CAB0-4B10-46A5-B4EE-92A324EAFC28}.Release|Any CPU.ActiveCfg = Release|Any CPU
		{AD61CAB0-4B10-46A5-B4EE-92A324EAFC28}.Release|Any CPU.Build.0 = Release|Any CPU
		{8E309382-49DA-41A6-A814-7A0CDB45C06B}.Debug|Any CPU.ActiveCfg = Debug|Any CPU
		{8E309382-49DA-41A6-A814-7A0CDB45C06B}.Debug|Any CPU.Build.0 = Debug|Any CPU
		{8E309382-49DA-41A6-A814-7A0CDB45C06B}.Release|Any CPU.ActiveCfg = Release|Any CPU
		{8E309382-49DA-41A6-A814-7A0CDB45C06B}.Release|Any CPU.Build.0 = Release|Any CPU
		{D55416AB-F3E2-4DC3-997E-E27585327266}.Debug|Any CPU.ActiveCfg = Debug|Any CPU
		{D55416AB-F3E2-4DC3-997E-E27585327266}.Debug|Any CPU.Build.0 = Debug|Any CPU
		{D55416AB-F3E2-4DC3-997E-E27585327266}.Release|Any CPU.ActiveCfg = Release|Any CPU
		{D55416AB-F3E2-4DC3-997E-E27585327266}.Release|Any CPU.Build.0 = Release|Any CPU
		{02642356-8E6D-436C-8817-38ACB6F832F5}.Debug|Any CPU.ActiveCfg = Debug|Any CPU
		{02642356-8E6D-436C-8817-38ACB6F832F5}.Debug|Any CPU.Build.0 = Debug|Any CPU
		{02642356-8E6D-436C-8817-38ACB6F832F5}.Release|Any CPU.ActiveCfg = Release|Any CPU
		{02642356-8E6D-436C-8817-38ACB6F832F5}.Release|Any CPU.Build.0 = Release|Any CPU
		{34033A65-038E-4FE3-91EF-2BB4A97DE820}.Debug|Any CPU.ActiveCfg = Debug|Any CPU
		{34033A65-038E-4FE3-91EF-2BB4A97DE820}.Debug|Any CPU.Build.0 = Debug|Any CPU
		{34033A65-038E-4FE3-91EF-2BB4A97DE820}.Release|Any CPU.ActiveCfg = Release|Any CPU
		{34033A65-038E-4FE3-91EF-2BB4A97DE820}.Release|Any CPU.Build.0 = Release|Any CPU
		{A5813A31-CBF0-4941-865D-F71761AF043D}.Debug|Any CPU.ActiveCfg = Debug|Any CPU
		{A5813A31-CBF0-4941-865D-F71761AF043D}.Debug|Any CPU.Build.0 = Debug|Any CPU
		{A5813A31-CBF0-4941-865D-F71761AF043D}.Release|Any CPU.ActiveCfg = Release|Any CPU
		{A5813A31-CBF0-4941-865D-F71761AF043D}.Release|Any CPU.Build.0 = Release|Any CPU
	EndGlobalSection
	GlobalSection(SolutionProperties) = preSolution
		HideSolutionNode = FALSE
	EndGlobalSection
EndGlobal
